PODS:
  - Alamofire (4.9.1)
  - KakaJSON (1.1.2)
  - Kingfisher (4.10.1)
  - MJRefresh (3.3.1)
  - SVProgressHUD (2.2.5)
  - SwiftyJSON (5.0.0)

DEPENDENCIES:
  - Alamofire
  - KakaJSON
  - Kingfisher
  - MJRefresh
  - SVProgressHUD
  - SwiftyJSON

SPEC REPOS:
  https://github.com/cocoapods/specs.git:
    - Alamofire
    - KakaJSON
    - Kingfisher
    - MJRefresh
    - SVProgressHUD
    - SwiftyJSON

SPEC CHECKSUMS:
  Alamofire: 85e8a02c69d6020a0d734f6054870d7ecb75cf18
  KakaJSON: cc5ff50a8c1cfbb09413db8496cb709a209e6137
  Kingfisher: c148cd7b47ebde9989f6bc7c27dcaa79d81279a0
  MJRefresh: eeda70fbf0ad277f3178cef1cd0c3532591d6237
  SVProgressHUD: 1428aafac632c1f86f62aa4243ec12008d7a51d6
  SwiftyJSON: 36413e04c44ee145039d332b4f4e2d3e8d6c4db7

PODFILE CHECKSUM: bcb83e5d99b9a94ef386f04b272ddbf7a6ee0ba6

COCOAPODS: 1.7.1
